
Microsoft Visual Studio Solution File, Format Version 12.00
# Visual Studio Version 16
VisualStudioVersion = 16.0.32126.315
MinimumVisualStudioVersion = 10.0.40219.1
Project("{9A19103F-16F7-4668-BE54-9A1E7A4F7556}") = "TigerTix", "TigerTix\TigerTix.csproj", "{BB2305A3-C5DE-4B3A-9544-E5D46D86B9DA}"
EndProject
Global
	GlobalSection(SolutionConfigurationPlatforms) = preSolution
		Debug|Any CPU = Debug|Any CPU
		Release|Any CPU = Release|Any CPU
	EndGlobalSection
	GlobalSection(ProjectConfigurationPlatforms) = postSolution
		{BB2305A3-C5DE-4B3A-9544-E5D46D86B9DA}.Debug|Any CPU.ActiveCfg = Debug|Any CPU
		{BB2305A3-C5DE-4B3A-9544-E5D46D86B9DA}.Debug|Any CPU.Build.0 = Debug|Any CPU
		{BB2305A3-C5DE-4B3A-9544-E5D46D86B9DA}.Release|Any CPU.ActiveCfg = Release|Any CPU
		{BB2305A3-C5DE-4B3A-9544-E5D46D86B9DA}.Release|Any CPU.Build.0 = Release|Any CPU
	EndGlobalSection
	GlobalSection(SolutionProperties) = preSolution
		HideSolutionNode = FALSE
	EndGlobalSection
	GlobalSection(ExtensibilityGlobals) = postSolution
		SolutionGuid = {85B64897-DE51-4F08-A83A-45E8A5D5E5E9}
	EndGlobalSection
EndGlobal
